
Microsoft Visual Studio Solution File, Format Version 12.00
# Visual Studio Version 17
VisualStudioVersion = 17.14.36915.13 d17.14
MinimumVisualStudioVersion = 10.0.40219.1
Project("{FAE04EC0-301F-11D3-BF4B-00C04F79EFBC}") = "Assignment 04 OOP", "Assignment 04 OOP\Assignment 04 OOP.csproj", "{1C7D1D2C-0BE9-46F4-9896-B71ACE2128E2}"
EndProject
Global
	GlobalSection(SolutionConfigurationPlatforms) = preSolution
		Debug|Any CPU = Debug|Any CPU
		Release|Any CPU = Release|Any CPU
	EndGlobalSection
	GlobalSection(ProjectConfigurationPlatforms) = postSolution
		{1C7D1D2C-0BE9-46F4-9896-B71ACE2128E2}.Debug|Any CPU.ActiveCfg = Debug|Any CPU
		{1C7D1D2C-0BE9-46F4-9896-B71ACE2128E2}.Debug|Any CPU.Build.0 = Debug|Any CPU
		{1C7D1D2C-0BE9-46F4-9896-B71ACE2128E2}.Release|Any CPU.ActiveCfg = Release|Any CPU
		{1C7D1D2C-0BE9-46F4-9896-B71ACE2128E2}.Release|Any CPU.Build.0 = Release|Any CPU
	EndGlobalSection
	GlobalSection(SolutionProperties) = preSolution
		HideSolutionNode = FALSE
	EndGlobalSection
	GlobalSection(ExtensibilityGlobals) = postSolution
		SolutionGuid = {B1865761-1F32-4078-A3D4-8EE12CB36D52}
	EndGlobalSection
EndGlobal
